
Microsoft Visual Studio Solution File, Format Version 12.00
# Visual Studio Version 17
VisualStudioVersion = 17.9.34728.123
MinimumVisualStudioVersion = 10.0.40219.1
Project("{FAE04EC0-301F-11D3-BF4B-00C04F79EFBC}") = "WEB1", "WEB1\WEB1.csproj", "{0B37AFD1-33EB-4075-B871-A8E14FCDE167}"
EndProject
Global
	GlobalSection(SolutionConfigurationPlatforms) = preSolution
		Debug|Any CPU = Debug|Any CPU
		Release|Any CPU = Release|Any CPU
	EndGlobalSection
	GlobalSection(ProjectConfigurationPlatforms) = postSolution
		{0B37AFD1-33EB-4075-B871-A8E14FCDE167}.Debug|Any CPU.ActiveCfg = Debug|Any CPU
		{0B37AFD1-33EB-4075-B871-A8E14FCDE167}.Debug|Any CPU.Build.0 = Debug|Any CPU
		{0B37AFD1-33EB-4075-B871-A8E14FCDE167}.Release|Any CPU.ActiveCfg = Release|Any CPU
		{0B37AFD1-33EB-4075-B871-A8E14FCDE167}.Release|Any CPU.Build.0 = Release|Any CPU
	EndGlobalSection
	GlobalSection(SolutionProperties) = preSolution
		HideSolutionNode = FALSE
	EndGlobalSection
	GlobalSection(ExtensibilityGlobals) = postSolution
		SolutionGuid = {8B0A146E-AA52-4CD7-B4BD-9DAD3B0AE221}
	EndGlobalSection
EndGlobal
